# This file is autogenerated, do not edit; changes may be undone by the next 'dep ensure'.


[[projects]]
  branch = "master"
  name = "github.com/codem8s/autograph"
  packages = ["generate"]
  revision = "9792c7033a1d91331d0134274da9fc83ae000409"

[[projects]]
  name = "github.com/urfave/cli"
  packages = ["."]
  revision = "cfb38830724cc34fedffe9a2a29fb54fa9169cd1"
  version = "v1.20.0"

[solve-meta]
  analyzer-name = "dep"
  analyzer-version = 1
  inputs-digest = "bd45ac726aa5879cfc17c43aeb6907b32cd2294a30e9f3b9a8d12ee1af027ec2"
  solver-name = "gps-cdcl"
  solver-version = 1
